
Microsoft Visual Studio Solution File, Format Version 12.00
# Visual Studio 2013
VisualStudioVersion = 12.0.21005.1
MinimumVisualStudioVersion = 10.0.40219.1
Project("{FAE04EC0-301F-11D3-BF4B-00C04F79EFBC}") = "Netcached.Server", "Netcached.Server\Netcached.Server.csproj", "{2624F8DF-B211-45C7-BFF6-847041015BBC}"
EndProject
Project("{FAE04EC0-301F-11D3-BF4B-00C04F79EFBC}") = "Netcached.Client", "Netcached.Client\Netcached.Client.csproj", "{83A5FA8A-712B-4CA2-8BA8-4459A9802E73}"
	ProjectSection(ProjectDependencies) = postProject
		{2624F8DF-B211-45C7-BFF6-847041015BBC} = {2624F8DF-B211-45C7-BFF6-847041015BBC}
	EndProjectSection
EndProject
Global
	GlobalSection(SolutionConfigurationPlatforms) = preSolution
		Debug|Any CPU = Debug|Any CPU
		Release|Any CPU = Release|Any CPU
	EndGlobalSection
	GlobalSection(ProjectConfigurationPlatforms) = postSolution
		{2624F8DF-B211-45C7-BFF6-847041015BBC}.Debug|Any CPU.ActiveCfg = Debug|Any CPU
		{2624F8DF-B211-45C7-BFF6-847041015BBC}.Debug|Any CPU.Build.0 = Debug|Any CPU
		{2624F8DF-B211-45C7-BFF6-847041015BBC}.Release|Any CPU.ActiveCfg = Release|Any CPU
		{2624F8DF-B211-45C7-BFF6-847041015BBC}.Release|Any CPU.Build.0 = Release|Any CPU
		{83A5FA8A-712B-4CA2-8BA8-4459A9802E73}.Debug|Any CPU.ActiveCfg = Debug|Any CPU
		{83A5FA8A-712B-4CA2-8BA8-4459A9802E73}.Debug|Any CPU.Build.0 = Debug|Any CPU
		{83A5FA8A-712B-4CA2-8BA8-4459A9802E73}.Release|Any CPU.ActiveCfg = Release|Any CPU
		{83A5FA8A-712B-4CA2-8BA8-4459A9802E73}.Release|Any CPU.Build.0 = Release|Any CPU
	EndGlobalSection
	GlobalSection(SolutionProperties) = preSolution
		HideSolutionNode = FALSE
	EndGlobalSection
EndGlobal
